
Microsoft Visual Studio Solution File, Format Version 12.00
# Visual Studio Version 17
VisualStudioVersion = 17.10.34928.147
MinimumVisualStudioVersion = 10.0.40219.1
Project("{9A19103F-16F7-4668-BE54-9A1E7A4F7556}") = "Web-Api", "backend-loja\Web-Api.csproj", "{8FE14EBC-604D-4003-8979-42AFB8D933C5}"
EndProject
Project("{FAE04EC0-301F-11D3-BF4B-00C04F79EFBC}") = "Domain", "Domain\Domain.csproj", "{4857CDC4-9C48-4817-9BAA-89CC26DCA9DB}"
EndProject
Project("{FAE04EC0-301F-11D3-BF4B-00C04F79EFBC}") = "Application", "Application\Application.csproj", "{5645A5CE-28EF-4CC9-97DA-E3AC4C496AB9}"
EndProject
Project("{FAE04EC0-301F-11D3-BF4B-00C04F79EFBC}") = "Infrastructure", "Infraestrutura\Infrastructure.csproj", "{FBC01224-789F-46D6-8050-0ADF94E5A942}"
	ProjectSection(ProjectDependencies) = postProject
		{4857CDC4-9C48-4817-9BAA-89CC26DCA9DB} = {4857CDC4-9C48-4817-9BAA-89CC26DCA9DB}
		{5645A5CE-28EF-4CC9-97DA-E3AC4C496AB9} = {5645A5CE-28EF-4CC9-97DA-E3AC4C496AB9}
	EndProjectSection
EndProject
Global
	GlobalSection(SolutionConfigurationPlatforms) = preSolution
		Debug|Any CPU = Debug|Any CPU
		Release|Any CPU = Release|Any CPU
	EndGlobalSection
	GlobalSection(ProjectConfigurationPlatforms) = postSolution
		{8FE14EBC-604D-4003-8979-42AFB8D933C5}.Debug|Any CPU.ActiveCfg = Debug|Any CPU
		{8FE14EBC-604D-4003-8979-42AFB8D933C5}.Debug|Any CPU.Build.0 = Debug|Any CPU
		{8FE14EBC-604D-4003-8979-42AFB8D933C5}.Release|Any CPU.ActiveCfg = Release|Any CPU
		{8FE14EBC-604D-4003-8979-42AFB8D933C5}.Release|Any CPU.Build.0 = Release|Any CPU
		{4857CDC4-9C48-4817-9BAA-89CC26DCA9DB}.Debug|Any CPU.ActiveCfg = Debug|Any CPU
		{4857CDC4-9C48-4817-9BAA-89CC26DCA9DB}.Debug|Any CPU.Build.0 = Debug|Any CPU
		{4857CDC4-9C48-4817-9BAA-89CC26DCA9DB}.Release|Any CPU.ActiveCfg = Release|Any CPU
		{4857CDC4-9C48-4817-9BAA-89CC26DCA9DB}.Release|Any CPU.Build.0 = Release|Any CPU
		{5645A5CE-28EF-4CC9-97DA-E3AC4C496AB9}.Debug|Any CPU.ActiveCfg = Debug|Any CPU
		{5645A5CE-28EF-4CC9-97DA-E3AC4C496AB9}.Debug|Any CPU.Build.0 = Debug|Any CPU
		{5645A5CE-28EF-4CC9-97DA-E3AC4C496AB9}.Release|Any CPU.ActiveCfg = Release|Any CPU
		{5645A5CE-28EF-4CC9-97DA-E3AC4C496AB9}.Release|Any CPU.Build.0 = Release|Any CPU
		{FBC01224-789F-46D6-8050-0ADF94E5A942}.Debug|Any CPU.ActiveCfg = Debug|Any CPU
		{FBC01224-789F-46D6-8050-0ADF94E5A942}.Debug|Any CPU.Build.0 = Debug|Any CPU
		{FBC01224-789F-46D6-8050-0ADF94E5A942}.Release|Any CPU.ActiveCfg = Release|Any CPU
		{FBC01224-789F-46D6-8050-0ADF94E5A942}.Release|Any CPU.Build.0 = Release|Any CPU
	EndGlobalSection
	GlobalSection(SolutionProperties) = preSolution
		HideSolutionNode = FALSE
	EndGlobalSection
	GlobalSection(ExtensibilityGlobals) = postSolution
		SolutionGuid = {23A0B9D8-9EFD-411C-9E36-F03C65E13DB5}
	EndGlobalSection
EndGlobal
